github.com/TJFG1998/microservices/div v0.0.0-20221217102844-8a0f3f665c30 h1:cXUL7mIAgnEY067Sr3So0dgysj92V/ni5GUzrJRtjek=
github.com/TJFG1998/microservices/div v0.0.0-20221217102844-8a0f3f665c30/go.mod h1:dflZRZVeYGJILuZYF+4YuiviuJC/PnAFu+7erWy7ZGY=
github.com/TJFG1998/microservices/div v0.0.0-20221217103644-d4f49fe884a2 h1:vll+5Tifrc/39MFd2MFEc/rivUJ3j4IUZUt3XQsuxdY=
github.com/TJFG1998/microservices/div v0.0.0-20221217103644-d4f49fe884a2/go.mod h1:dflZRZVeYGJILuZYF+4YuiviuJC/PnAFu+7erWy7ZGY=
github.com/TJFG1998/microservices/mul v0.0.0-20221217102844-8a0f3f665c30 h1:Pr1XnFQ/tEkJJ0MKXaKWKPRJvkw8cuT4Bt9550b/VCU=
github.com/TJFG1998/microservices/mul v0.0.0-20221217102844-8a0f3f665c30/go.mod h1:XSq+wZpa4zZWc8soiKBLLs+znI2Uefbgu9AyeKuXZtg=
github.com/TJFG1998/microservices/mul v0.0.0-20221217103326-32a969f42b72 h1:Ca+TmYgIW/zYqrbl0zgh/0h8+lmmCZk78BtzFOWBMeQ=
github.com/TJFG1998/microservices/mul v0.0.0-20221217103326-32a969f42b72/go.mod h1:XSq+wZpa4zZWc8soiKBLLs+znI2Uefbgu9AyeKuXZtg=
github.com/TJFG1998/microservices/mul v0.0.0-20221217103644-d4f49fe884a2 h1:UuRpOjRoR56YxTw2LHG9I7LtTjaZN3HlAJp4tTzBj0s=
github.com/TJFG1998/microservices/mul v0.0.0-20221217103644-d4f49fe884a2/go.mod h1:XSq+wZpa4zZWc8soiKBLLs+znI2Uefbgu9AyeKuXZtg=
github.com/TJFG1998/microservices/sub v0.0.0-20221216233428-c530a0cacaeb h1:5tjURQfHYqsXPYmEQwl3D1yV9rdtpMOpxRCta8i/B3A=
github.com/TJFG1998/microservices/sub v0.0.0-20221216233428-c530a0cacaeb/go.mod h1:gfmL7VOS/XRH7sq5dDcQsOxFeAbUWEihK8lmjNdasa0=
github.com/TJFG1998/microservices/sum v0.0.0-20221216230140-2e6340a19f25 h1:CsEwkh4yMzT3X0lbllryLzl+D8z+dWwHecCa4GXBUs8=
github.com/TJFG1998/microservices/sum v0.0.0-20221216230140-2e6340a19f25/go.mod h1:46loexPYNELUKSO98V2SX7ikJwRvJitmkHUwHmgoGfo=
github.com/TJFG1998/microservices/sum v0.0.0-20221216232032-54748f54ff2f h1:jf2UB6vbUibiDyfspKXG9a9IiIa4yJMxh4vjp4mY57U=
github.com/TJFG1998/microservices/sum v0.0.0-20221216232032-54748f54ff2f/go.mod h1:46loexPYNELUKSO98V2SX7ikJwRvJitmkHUwHmgoGfo=
github.com/TJFG1998/microservices/sum v0.0.0-20221216232204-c71e4e2817a3 h1:jXbeTVC/aZRq9QZPRFNZTGtvFJ+U/LZU6fExxGUYyro=
github.com/TJFG1998/microservices/sum v0.0.0-20221216232204-c71e4e2817a3/go.mod h1:46loexPYNELUKSO98V2SX7ikJwRvJitmkHUwHmgoGfo=
github.com/TJFG1998/microservices/sum v0.0.0-20221216232306-892a7f0a127f h1:Yu50ND53wZiLeYhfqnWPJgEP3GXvXz2H2CjWHkPTS1M=
github.com/TJFG1998/microservices/sum v0.0.0-20221216232306-892a7f0a127f/go.mod h1:46loexPYNELUKSO98V2SX7ikJwRvJitmkHUwHmgoGfo=
github.com/golang/protobuf v1.5.0/go.mod h1:FsONVRAS9T7sI+LIUmWTfcYkHO4aIWwzhcaSAoJOfIk=
github.com/golang/protobuf v1.5.2 h1:ROPKBNFfQgOUMifHyP+KYbvpjbdoFNs+aK7DXlji0Tw=
github.com/golang/protobuf v1.5.2/go.mod h1:XVQd3VNwM+JqD3oG2Ue2ip4fOMUkwXdXDdiuN0vRsmY=
github.com/google/go-cmp v0.5.5/go.mod h1:v8dTdLbMG2kIc/vJvl+f65V22dbkXbowE6jgT/gNBxE=
github.com/google/go-cmp v0.5.6 h1:BKbKCqvP6I+rmFHt06ZmyQtvB8xAkWdhFyr0ZUNZcxQ=
golang.org/x/net v0.4.0 h1:Q5QPcMlvfxFTAPV0+07Xz/MpK9NTXu2VDUuy0FeMfaU=
golang.org/x/net v0.4.0/go.mod h1:MBQ8lrhLObU/6UmLb4fmbmk5OcyYmqtbGd/9yIeKjEE=
golang.org/x/sys v0.3.0 h1:w8ZOecv6NaNa/zC8944JTU3vz4u6Lagfk4RPQxv92NQ=
golang.org/x/sys v0.3.0/go.mod h1:oPkhp1MJrh7nUepCBck5+mAzfO9JrbApNNgaTdGDITg=
golang.org/x/text v0.5.0 h1:OLmvp0KP+FVG99Ct/qFiL/Fhk4zp4QQnZ7b2U+5piUM=
golang.org/x/text v0.5.0/go.mod h1:mrYo+phRRbMaCq/xk9113O4dZlRixOauAjOtrjsXDZ8=
golang.org/x/xerrors v0.0.0-20191204190536-9bdfabe68543/go.mod h1:I/5z698sn9Ka8TeJc9MKroUUfqBBauWjQqLJ2OPfmY0=
golang.org/x/xerrors v0.0.0-20200804184101-5ec99f83aff1 h1:go1bK/D/BFZV2I8cIQd1NKEZ+0owSTG1fDTci4IqFcE=
google.golang.org/genproto v0.0.0-20221207170731-23e4bf6bdc37 h1:jmIfw8+gSvXcZSgaFAGyInDXeWzUhvYH57G/5GKMn70=
google.golang.org/genproto v0.0.0-20221207170731-23e4bf6bdc37/go.mod h1:RGgjbofJ8xD9Sq1VVhDM1Vok1vRONV+rg+CjzG4SZKM=
google.golang.org/grpc v1.51.0 h1:E1eGv1FTqoLIdnBCZufiSHgKjlqG6fKFf6pPWtMTh8U=
google.golang.org/grpc v1.51.0/go.mod h1:wgNDFcnuBGmxLKI/qn4T+m5BtEBYXJPvibbUPsAIPww=
google.golang.org/protobuf v1.26.0-rc.1/go.mod h1:jlhhOSvTdKEhbULTjvd4ARK9grFBp09yW+WbY/TyQbw=
google.golang.org/protobuf v1.26.0/go.mod h1:9q0QmTI4eRPtz6boOQmLYwt+qCgq0jsYwAQnmE0givc=
google.golang.org/protobuf v1.28.1 h1:d0NfwRgPtno5B1Wa6L2DAG+KivqkdutMf1UhdNx175w=
google.golang.org/protobuf v1.28.1/go.mod h1:HV8QOd/L58Z+nl8r43ehVNZIU/HEI6OcFqwMG9pJV4I=
